
Microsoft Visual Studio Solution File, Format Version 12.00
# Visual Studio Version 17
VisualStudioVersion = 17.14.36414.22
MinimumVisualStudioVersion = 10.0.40219.1
Project("{FAE04EC0-301F-11D3-BF4B-00C04F79EFBC}") = "WordWrapTest", "WordWrapTest\WordWrapTest.csproj", "{40E3B02E-218E-4D6F-9D52-67C26307643F}"
EndProject
Global
	GlobalSection(SolutionConfigurationPlatforms) = preSolution
		Debug|Any CPU = Debug|Any CPU
		Release|Any CPU = Release|Any CPU
	EndGlobalSection
	GlobalSection(ProjectConfigurationPlatforms) = postSolution
		{40E3B02E-218E-4D6F-9D52-67C26307643F}.Debug|Any CPU.ActiveCfg = Debug|Any CPU
		{40E3B02E-218E-4D6F-9D52-67C26307643F}.Debug|Any CPU.Build.0 = Debug|Any CPU
		{40E3B02E-218E-4D6F-9D52-67C26307643F}.Release|Any CPU.ActiveCfg = Release|Any CPU
		{40E3B02E-218E-4D6F-9D52-67C26307643F}.Release|Any CPU.Build.0 = Release|Any CPU
	EndGlobalSection
	GlobalSection(SolutionProperties) = preSolution
		HideSolutionNode = FALSE
	EndGlobalSection
	GlobalSection(ExtensibilityGlobals) = postSolution
		SolutionGuid = {D5B944B1-C6DF-4059-9ECD-AEDDB84D7381}
	EndGlobalSection
EndGlobal
