
Microsoft Visual Studio Solution File, Format Version 12.00
# Visual Studio Version 17
VisualStudioVersion = 17.14.36414.22
MinimumVisualStudioVersion = 10.0.40219.1
Project("{FAE04EC0-301F-11D3-BF4B-00C04F79EFBC}") = "RadarDePalindromos", "RadarDePalindromos\RadarDePalindromos.csproj", "{FA9A133C-361D-4F19-9847-788492A2EC1B}"
EndProject
Global
	GlobalSection(SolutionConfigurationPlatforms) = preSolution
		Debug|Any CPU = Debug|Any CPU
		Release|Any CPU = Release|Any CPU
	EndGlobalSection
	GlobalSection(ProjectConfigurationPlatforms) = postSolution
		{FA9A133C-361D-4F19-9847-788492A2EC1B}.Debug|Any CPU.ActiveCfg = Debug|Any CPU
		{FA9A133C-361D-4F19-9847-788492A2EC1B}.Debug|Any CPU.Build.0 = Debug|Any CPU
		{FA9A133C-361D-4F19-9847-788492A2EC1B}.Release|Any CPU.ActiveCfg = Release|Any CPU
		{FA9A133C-361D-4F19-9847-788492A2EC1B}.Release|Any CPU.Build.0 = Release|Any CPU
	EndGlobalSection
	GlobalSection(SolutionProperties) = preSolution
		HideSolutionNode = FALSE
	EndGlobalSection
	GlobalSection(ExtensibilityGlobals) = postSolution
		SolutionGuid = {D5B944B1-C6DF-4059-9ECD-AEDDB84D7381}
	EndGlobalSection
EndGlobal
